github.com/brody192/basiclogger v0.1.2 h1:g+Jjw93WWq6ZV931DzvDmFbnte5807bgj2vhI0E4O2w=
github.com/brody192/basiclogger v0.1.2/go.mod h1:N7OVtpxUHPTluuKrK+ol8jaD4/ql3pwX7x1H9Rp2SjI=
github.com/brody192/ext v0.1.9 h1:whKb449ihRj5ohe9XnJXJbPbWrAk5V/uh0HGb5trm3s=
github.com/brody192/ext v0.1.9/go.mod h1:SfRcv7x5+cWULk6cDUP68XD68ABdgxGOu13yO/zB440=
github.com/brody192/ext v0.1.13 h1:Sh1bVbrUisvZ2nFs8eqYvTdGwwDHWC5/FtJCxw53vIM=
github.com/brody192/ext v0.1.13/go.mod h1:SfRcv7x5+cWULk6cDUP68XD68ABdgxGOu13yO/zB440=
github.com/cespare/xxhash/v2 v2.2.0 h1:DC2CZ1Ep5Y4k3ZQ899DldepgrayRUGE6BBZ/cd9Cj44=
github.com/cespare/xxhash/v2 v2.2.0/go.mod h1:VGX0DQ3Q6kWi7AoAeZDth3/j3BFtOZR5XLFGgcrjCOs=
github.com/go-chi/chi/v5 v5.0.8 h1:lD+NLqFcAi1ovnVZpsnObHGW4xb4J8lNmoYVfECH1Y0=
github.com/go-chi/chi/v5 v5.0.8/go.mod h1:DslCQbL2OYiznFReuXYUmQ2hGd1aDpCnlMNITLSKoi8=
github.com/go-chi/cors v1.2.1 h1:xEC8UT3Rlp2QuWNEr4Fs/c2EAGVKBwy/1vHx3bppil4=
github.com/go-chi/cors v1.2.1/go.mod h1:sSbTewc+6wYHBBCW7ytsFSn836hqM7JxpglAy2Vzc58=
github.com/go-chi/httprate v0.7.4 h1:a2GIjv8he9LRf3712zxxnRdckQCm7I8y8yQhkJ84V6M=
github.com/go-chi/httprate v0.7.4/go.mod h1:6GOYBSwnpra4CQfAKXu8sQZg+nZ0M1g9QnyFvxrAB8A=
